
Microsoft Visual Studio Solution File, Format Version 12.00
# Visual Studio Version 16
VisualStudioVersion = 16.0.29324.140
MinimumVisualStudioVersion = 10.0.40219.1
Project("{FAE04EC0-301F-11D3-BF4B-00C04F79EFBC}") = "Parcial1FernandezNicolas", "Parcial1FernandezNicolas\Parcial1FernandezNicolas.csproj", "{F3921778-64D5-48CF-AF05-F1B3772ABC46}"
EndProject
Global
	GlobalSection(SolutionConfigurationPlatforms) = preSolution
		Debug|Any CPU = Debug|Any CPU
		Release|Any CPU = Release|Any CPU
	EndGlobalSection
	GlobalSection(ProjectConfigurationPlatforms) = postSolution
		{F3921778-64D5-48CF-AF05-F1B3772ABC46}.Debug|Any CPU.ActiveCfg = Debug|Any CPU
		{F3921778-64D5-48CF-AF05-F1B3772ABC46}.Debug|Any CPU.Build.0 = Debug|Any CPU
		{F3921778-64D5-48CF-AF05-F1B3772ABC46}.Release|Any CPU.ActiveCfg = Release|Any CPU
		{F3921778-64D5-48CF-AF05-F1B3772ABC46}.Release|Any CPU.Build.0 = Release|Any CPU
	EndGlobalSection
	GlobalSection(SolutionProperties) = preSolution
		HideSolutionNode = FALSE
	EndGlobalSection
	GlobalSection(ExtensibilityGlobals) = postSolution
		SolutionGuid = {D8C47AF3-3463-4B07-AD0D-0EDD09630958}
	EndGlobalSection
EndGlobal
